{
  "name": "plantuml-cli",
  "version": "1.2026.8",
  "lockfileVersion": 3,
  "requires": true,
  "packages": {
    "": {
      "name": "plantuml-cli",
      "version": "1.2026.8",
      "license": "GPL-3.0-only",
      "dependencies": {
        "npm-java-runner": "^2.0.0"
      },
      "bin": {
        "plantuml-cli": "index.js"
      }
    },
    "node_modules/npm-java-runner": {
      "version": "2.0.0",
      "resolved": "https://registry.npmjs.org/npm-java-runner/-/npm-java-runner-2.0.0.tgz",
      "integrity": "sha512-vYkU45l0J6rNoXJdHHSPzmW9mpbBDR/RmO0w60tnJOmlW3Tki6J9lNK/OQq8EQZSsBe1U3NL9TgJKWL+2YeXxw==",
      "license": "Apache 2"
    }
  }
}
